// !$*UTF8*$!
{
	archiveVersion = 1;
	classes = {
	};
	objectVersion = 46;
	objects = {

/* Begin PBXBuildFile section */
		C5EA0202BBC1D52A70ECB256 /* Pods_Instragram20170417.framework in Frameworks */ = {isa = PBXBuildFile; fileRef = 31DC601C5F5FE2E53371AA3A /* Pods_Instragram20170417.framework */; };
		D8A4A7921EA44EA6005B431D /* AppDelegate.swift in Sources */ = {isa = PBXBuildFile; fileRef = D8A4A7911EA44EA6005B431D /* AppDelegate.swift */; };
		D8A4A7941EA44EA6005B431D /* RegisterController.swift in Sources */ = {isa = PBXBuildFile; fileRef = D8A4A7931EA44EA6005B431D /* RegisterController.swift */; };
		D8A4A7971EA44EA6005B431D /* Main.storyboard in Resources */ = {isa = PBXBuildFile; fileRef = D8A4A7951EA44EA6005B431D /* Main.storyboard */; };
		D8A4A7991EA44EA6005B431D /* Assets.xcassets in Resources */ = {isa = PBXBuildFile; fileRef = D8A4A7981EA44EA6005B431D /* Assets.xcassets */; };
		D8A4A79C1EA44EA6005B431D /* LaunchScreen.storyboard in Resources */ = {isa = PBXBuildFile; fileRef = D8A4A79A1EA44EA6005B431D /* LaunchScreen.storyboard */; };
		D8D26B181EA44FCF00581EDD /* Extension.swift in Sources */ = {isa = PBXBuildFile; fileRef = D8D26B171EA44FCF00581EDD /* Extension.swift */; };
		D8D26B1A1EA45A4500581EDD /* GoogleService-Info.plist in Resources */ = {isa = PBXBuildFile; fileRef = D8D26B191EA45A4500581EDD /* GoogleService-Info.plist */; };
		D8D26B1C1EA471D700581EDD /* MainTabController.swift in Sources */ = {isa = PBXBuildFile; fileRef = D8D26B1B1EA471D700581EDD /* MainTabController.swift */; };
		D8D26B1E1EA47F3400581EDD /* ProfileViewController.swift in Sources */ = {isa = PBXBuildFile; fileRef = D8D26B1D1EA47F3400581EDD /* ProfileViewController.swift */; };
		D8D26B201EA491D200581EDD /* LoginViewController.swift in Sources */ = {isa = PBXBuildFile; fileRef = D8D26B1F1EA491D200581EDD /* LoginViewController.swift */; };
		D8EA16971EA4A4060071AB73 /* headercell.swift in Sources */ = {isa = PBXBuildFile; fileRef = D8EA16961EA4A4060071AB73 /* headercell.swift */; };
		D8EA16991EA59CA90071AB73 /* PhotoCollectionViewController.swift in Sources */ = {isa = PBXBuildFile; fileRef = D8EA16981EA59CA90071AB73 /* PhotoCollectionViewController.swift */; };
		D8EA169B1EA5A6F80071AB73 /* PhotoHeaderCell.swift in Sources */ = {isa = PBXBuildFile; fileRef = D8EA169A1EA5A6F80071AB73 /* PhotoHeaderCell.swift */; };
		D8EA169D1EA5AC940071AB73 /* PhotoCell.swift in Sources */ = {isa = PBXBuildFile; fileRef = D8EA169C1EA5AC940071AB73 /* PhotoCell.swift */; };
		D8EA169F1EA5C3270071AB73 /* SharePostController.swift in Sources */ = {isa = PBXBuildFile; fileRef = D8EA169E1EA5C3270071AB73 /* SharePostController.swift */; };
		D8EA16A11EA5E1520071AB73 /* PorfileShareImageCell.swift in Sources */ = {isa = PBXBuildFile; fileRef = D8EA16A01EA5E1520071AB73 /* PorfileShareImageCell.swift */; };
		D8EA16A31EA5EF4D0071AB73 /* Post.swift in Sources */ = {isa = PBXBuildFile; fileRef = D8EA16A21EA5EF4D0071AB73 /* Post.swift */; };
		D8EA16A51EA6126C0071AB73 /* FeedController.swift in Sources */ = {isa = PBXBuildFile; fileRef = D8EA16A41EA6126C0071AB73 /* FeedController.swift */; };
		D8EA16A71EA615A20071AB73 /* FeedCell.swift in Sources */ = {isa = PBXBuildFile; fileRef = D8EA16A61EA615A20071AB73 /* FeedCell.swift */; };
/* End PBXBuildFile section */

/* Begin PBXFileReference section */
		1637A88E17DEC936C9AF3A9C /* Pods-Instragram20170417.debug.xcconfig */ = {isa = PBXFileReference; includeInIndex = 1; lastKnownFileType = text.xcconfig; name = "Pods-Instragram20170417.debug.xcconfig"; path = "Pods/Target Support Files/Pods-Instragram20170417/Pods-Instragram20170417.debug.xcconfig"; sourceTree = "<group>"; };
		29AFF8DE6C2A1183A3A1F84C /* Pods-Instragram20170417.release.xcconfig */ = {isa = PBXFileReference; includeInIndex = 1; lastKnownFileType = text.xcconfig; name = "Pods-Instragram20170417.release.xcconfig"; path = "Pods/Target Support Files/Pods-Instragram20170417/Pods-Instragram20170417.release.xcconfig"; sourceTree = "<group>"; };
		31DC601C5F5FE2E53371AA3A /* Pods_Instragram20170417.framework */ = {isa = PBXFileReference; explicitFileType = wrapper.framework; includeInIndex = 0; path = Pods_Instragram20170417.framework; sourceTree = BUILT_PRODUCTS_DIR; };
		D8A4A78E1EA44EA6005B431D /* Instragram20170417.app */ = {isa = PBXFileReference; explicitFileType = wrapper.application; includeInIndex = 0; path = Instragram20170417.app; sourceTree = BUILT_PRODUCTS_DIR; };
		D8A4A7911EA44EA6005B431D /* AppDelegate.swift */ = {isa = PBXFileReference; lastKnownFileType = sourcecode.swift; path = AppDelegate.swift; sourceTree = "<group>"; };
		D8A4A7931EA44EA6005B431D /* RegisterController.swift */ = {isa = PBXFileReference; lastKnownFileType = sourcecode.swift; path = RegisterController.swift; sourceTree = "<group>"; };
		D8A4A7961EA44EA6005B431D /* Base */ = {isa = PBXFileReference; lastKnownFileType = file.storyboard; name = Base; path = Base.lproj/Main.storyboard; sourceTree = "<group>"; };
		D8A4A7981EA44EA6005B431D /* Assets.xcassets */ = {isa = PBXFileReference; lastKnownFileType = folder.assetcatalog; path = Assets.xcassets; sourceTree = "<group>"; };
		D8A4A79B1EA44EA6005B431D /* Base */ = {isa = PBXFileReference; lastKnownFileType = file.storyboard; name = Base; path = Base.lproj/LaunchScreen.storyboard; sourceTree = "<group>"; };
		D8A4A79D1EA44EA6005B431D /* Info.plist */ = {isa = PBXFileReference; lastKnownFileType = text.plist.xml; path = Info.plist; sourceTree = "<group>"; };
		D8D26B171EA44FCF00581EDD /* Extension.swift */ = {isa = PBXFileReference; fileEncoding = 4; lastKnownFileType = sourcecode.swift; path = Extension.swift; sourceTree = "<group>"; };
		D8D26B191EA45A4500581EDD /* GoogleService-Info.plist */ = {isa = PBXFileReference; fileEncoding = 4; lastKnownFileType = text.plist.xml; path = "GoogleService-Info.plist"; sourceTree = "<group>"; };
		D8D26B1B1EA471D700581EDD /* MainTabController.swift */ = {isa = PBXFileReference; fileEncoding = 4; lastKnownFileType = sourcecode.swift; path = MainTabController.swift; sourceTree = "<group>"; };
		D8D26B1D1EA47F3400581EDD /* ProfileViewController.swift */ = {isa = PBXFileReference; fileEncoding = 4; lastKnownFileType = sourcecode.swift; path = ProfileViewController.swift; sourceTree = "<group>"; };
		D8D26B1F1EA491D200581EDD /* LoginViewController.swift */ = {isa = PBXFileReference; fileEncoding = 4; lastKnownFileType = sourcecode.swift; path = LoginViewController.swift; sourceTree = "<group>"; };
		D8EA16961EA4A4060071AB73 /* headercell.swift */ = {isa = PBXFileReference; fileEncoding = 4; lastKnownFileType = sourcecode.swift; path = headercell.swift; sourceTree = "<group>"; };
		D8EA16981EA59CA90071AB73 /* PhotoCollectionViewController.swift */ = {isa = PBXFileReference; fileEncoding = 4; lastKnownFileType = sourcecode.swift; path = PhotoCollectionViewController.swift; sourceTree = "<group>"; };
		D8EA169A1EA5A6F80071AB73 /* PhotoHeaderCell.swift */ = {isa = PBXFileReference; fileEncoding = 4; lastKnownFileType = sourcecode.swift; path = PhotoHeaderCell.swift; sourceTree = "<group>"; };
		D8EA169C1EA5AC940071AB73 /* PhotoCell.swift */ = {isa = PBXFileReference; fileEncoding = 4; lastKnownFileType = sourcecode.swift; path = PhotoCell.swift; sourceTree = "<group>"; };
		D8EA169E1EA5C3270071AB73 /* SharePostController.swift */ = {isa = PBXFileReference; fileEncoding = 4; lastKnownFileType = sourcecode.swift; path = SharePostController.swift; sourceTree = "<group>"; };
		D8EA16A01EA5E1520071AB73 /* PorfileShareImageCell.swift */ = {isa = PBXFileReference; fileEncoding = 4; lastKnownFileType = sourcecode.swift; path = PorfileShareImageCell.swift; sourceTree = "<group>"; };
		D8EA16A21EA5EF4D0071AB73 /* Post.swift */ = {isa = PBXFileReference; fileEncoding = 4; lastKnownFileType = sourcecode.swift; path = Post.swift; sourceTree = "<group>"; };
		D8EA16A41EA6126C0071AB73 /* FeedController.swift */ = {isa = PBXFileReference; fileEncoding = 4; lastKnownFileType = sourcecode.swift; path = FeedController.swift; sourceTree = "<group>"; };
		D8EA16A61EA615A20071AB73 /* FeedCell.swift */ = {isa = PBXFileReference; fileEncoding = 4; lastKnownFileType = sourcecode.swift; path = FeedCell.swift; sourceTree = "<group>"; };
/* End PBXFileReference section */

/* Begin PBXFrameworksBuildPhase section */
		D8A4A78B1EA44EA6005B431D /* Frameworks */ = {
			isa = PBXFrameworksBuildPhase;
			buildActionMask = 2147483647;
			files = (
				C5EA0202BBC1D52A70ECB256 /* Pods_Instragram20170417.framework in Frameworks */,
			);
			runOnlyForDeploymentPostprocessing = 0;
		};
/* End PBXFrameworksBuildPhase section */

/* Begin PBXGroup section */
		6453501143D0701636785BC5 /* Pods */ = {
			isa = PBXGroup;
			children = (
				1637A88E17DEC936C9AF3A9C /* Pods-Instragram20170417.debug.xcconfig */,
				29AFF8DE6C2A1183A3A1F84C /* Pods-Instragram20170417.release.xcconfig */,
			);
			name = Pods;
			sourceTree = "<group>";
		};
		D8A4A7851EA44EA6005B431D = {
			isa = PBXGroup;
			children = (
				D8A4A7901EA44EA6005B431D /* Instragram20170417 */,
				D8A4A78F1EA44EA6005B431D /* Products */,
				6453501143D0701636785BC5 /* Pods */,
				EC3E9318BA3459129882BF0F /* Frameworks */,
			);
			sourceTree = "<group>";
		};
		D8A4A78F1EA44EA6005B431D /* Products */ = {
			isa = PBXGroup;
			children = (
				D8A4A78E1EA44EA6005B431D /* Instragram20170417.app */,
			);
			name = Products;
			sourceTree = "<group>";
		};
		D8A4A7901EA44EA6005B431D /* Instragram20170417 */ = {
			isa = PBXGroup;
			children = (
				D8A4A7911EA44EA6005B431D /* AppDelegate.swift */,
				D8A4A7931EA44EA6005B431D /* RegisterController.swift */,
				D8A4A7951EA44EA6005B431D /* Main.storyboard */,
				D8A4A7981EA44EA6005B431D /* Assets.xcassets */,
				D8A4A79A1EA44EA6005B431D /* LaunchScreen.storyboard */,
				D8A4A79D1EA44EA6005B431D /* Info.plist */,
				D8D26B171EA44FCF00581EDD /* Extension.swift */,
				D8D26B191EA45A4500581EDD /* GoogleService-Info.plist */,
				D8D26B1B1EA471D700581EDD /* MainTabController.swift */,
				D8D26B1D1EA47F3400581EDD /* ProfileViewController.swift */,
				D8D26B1F1EA491D200581EDD /* LoginViewController.swift */,
				D8EA16961EA4A4060071AB73 /* headercell.swift */,
				D8EA16981EA59CA90071AB73 /* PhotoCollectionViewController.swift */,
				D8EA169A1EA5A6F80071AB73 /* PhotoHeaderCell.swift */,
				D8EA169C1EA5AC940071AB73 /* PhotoCell.swift */,
				D8EA169E1EA5C3270071AB73 /* SharePostController.swift */,
				D8EA16A01EA5E1520071AB73 /* PorfileShareImageCell.swift */,
				D8EA16A21EA5EF4D0071AB73 /* Post.swift */,
				D8EA16A41EA6126C0071AB73 /* FeedController.swift */,
				D8EA16A61EA615A20071AB73 /* FeedCell.swift */,
			);
			path = Instragram20170417;
			sourceTree = "<group>";
		};
		EC3E9318BA3459129882BF0F /* Frameworks */ = {
			isa = PBXGroup;
			children = (
				31DC601C5F5FE2E53371AA3A /* Pods_Instragram20170417.framework */,
			);
			name = Frameworks;
			sourceTree = "<group>";
		};
/* End PBXGroup section */

/* Begin PBXNativeTarget section */
		D8A4A78D1EA44EA6005B431D /* Instragram20170417 */ = {
			isa = PBXNativeTarget;
			buildConfigurationList = D8A4A7A01EA44EA6005B431D /* Build configuration list for PBXNativeTarget "Instragram20170417" */;
			buildPhases = (
				B50CA0E018EAE013765956B7 /* [CP] Check Pods Manifest.lock */,
				D8A4A78A1EA44EA6005B431D /* Sources */,
				D8A4A78B1EA44EA6005B431D /* Frameworks */,
				D8A4A78C1EA44EA6005B431D /* Resources */,
				DD3927C4B9EE561E0E3EA976 /* [CP] Embed Pods Frameworks */,
				06A350295C7AD3D0C3BD362D /* [CP] Copy Pods Resources */,
			);
			buildRules = (
			);
			dependencies = (
			);
			name = Instragram20170417;
			productName = Instragram20170417;
			productReference = D8A4A78E1EA44EA6005B431D /* Instragram20170417.app */;
			productType = "com.apple.product-type.application";
		};
/* End PBXNativeTarget section */

/* Begin PBXProject section */
		D8A4A7861EA44EA6005B431D /* Project object */ = {
			isa = PBXProject;
			attributes = {
				LastSwiftUpdateCheck = 0820;
				LastUpgradeCheck = 0820;
				ORGANIZATIONNAME = Nathan;
				TargetAttributes = {
					D8A4A78D1EA44EA6005B431D = {
						CreatedOnToolsVersion = 8.2.1;
						DevelopmentTeam = X6CYP5Y5C7;
						ProvisioningStyle = Automatic;
					};
				};
			};
			buildConfigurationList = D8A4A7891EA44EA6005B431D /* Build configuration list for PBXProject "Instragram20170417" */;
			compatibilityVersion = "Xcode 3.2";
			developmentRegion = English;
			hasScannedForEncodings = 0;
			knownRegions = (
				en,
				Base,
			);
			mainGroup = D8A4A7851EA44EA6005B431D;
			productRefGroup = D8A4A78F1EA44EA6005B431D /* Products */;
			projectDirPath = "";
			projectRoot = "";
			targets = (
				D8A4A78D1EA44EA6005B431D /* Instragram20170417 */,
			);
		};
/* End PBXProject section */

/* Begin PBXResourcesBuildPhase section */
		D8A4A78C1EA44EA6005B431D /* Resources */ = {
			isa = PBXResourcesBuildPhase;
			buildActionMask = 2147483647;
			files = (
				D8A4A79C1EA44EA6005B431D /* LaunchScreen.storyboard in Resources */,
				D8D26B1A1EA45A4500581EDD /* GoogleService-Info.plist in Resources */,
				D8A4A7991EA44EA6005B431D /* Assets.xcassets in Resources */,
				D8A4A7971EA44EA6005B431D /* Main.storyboard in Resources */,
			);
			runOnlyForDeploymentPostprocessing = 0;
		};
/* End PBXResourcesBuildPhase section */

/* Begin PBXShellScriptBuildPhase section */
		06A350295C7AD3D0C3BD362D /* [CP] Copy Pods Resources */ = {
			isa = PBXShellScriptBuildPhase;
			buildActionMask = 2147483647;
			files = (
			);
			inputPaths = (
			);
			name = "[CP] Copy Pods Resources";
			outputPaths = (
			);
			runOnlyForDeploymentPostprocessing = 0;
			shellPath = /bin/sh;
			shellScript = "\"${SRCROOT}/Pods/Target Support Files/Pods-Instragram20170417/Pods-Instragram20170417-resources.sh\"\n";
			showEnvVarsInLog = 0;
		};
		B50CA0E018EAE013765956B7 /* [CP] Check Pods Manifest.lock */ = {
			isa = PBXShellScriptBuildPhase;
			buildActionMask = 2147483647;
			files = (
			);
			inputPaths = (
			);
			name = "[CP] Check Pods Manifest.lock";
			outputPaths = (
			);
			runOnlyForDeploymentPostprocessing = 0;
			shellPath = /bin/sh;
			shellScript = "diff \"${PODS_PODFILE_DIR_PATH}/Podfile.lock\" \"${PODS_ROOT}/Manifest.lock\" > /dev/null\nif [ $? != 0 ] ; then\n    # print error to STDERR\n    echo \"error: The sandbox is not in sync with the Podfile.lock. Run 'pod install' or update your CocoaPods installation.\" >&2\n    exit 1\nfi\n";
			showEnvVarsInLog = 0;
		};
		DD3927C4B9EE561E0E3EA976 /* [CP] Embed Pods Frameworks */ = {
			isa = PBXShellScriptBuildPhase;
			buildActionMask = 2147483647;
			files = (
			);
			inputPaths = (
			);
			name = "[CP] Embed Pods Frameworks";
			outputPaths = (
			);
			runOnlyForDeploymentPostprocessing = 0;
			shellPath = /bin/sh;
			shellScript = "\"${SRCROOT}/Pods/Target Support Files/Pods-Instragram20170417/Pods-Instragram20170417-frameworks.sh\"\n";
			showEnvVarsInLog = 0;
		};
/* End PBXShellScriptBuildPhase section */

/* Begin PBXSourcesBuildPhase section */
		D8A4A78A1EA44EA6005B431D /* Sources */ = {
			isa = PBXSourcesBuildPhase;
			buildActionMask = 2147483647;
			files = (
				D8D26B201EA491D200581EDD /* LoginViewController.swift in Sources */,
				D8EA16A11EA5E1520071AB73 /* PorfileShareImageCell.swift in Sources */,
				D8D26B181EA44FCF00581EDD /* Extension.swift in Sources */,
				D8A4A7941EA44EA6005B431D /* RegisterController.swift in Sources */,
				D8EA16A31EA5EF4D0071AB73 /* Post.swift in Sources */,
				D8EA16991EA59CA90071AB73 /* PhotoCollectionViewController.swift in Sources */,
				D8D26B1E1EA47F3400581EDD /* ProfileViewController.swift in Sources */,
				D8D26B1C1EA471D700581EDD /* MainTabController.swift in Sources */,
				D8EA169D1EA5AC940071AB73 /* PhotoCell.swift in Sources */,
				D8EA169F1EA5C3270071AB73 /* SharePostController.swift in Sources */,
				D8EA169B1EA5A6F80071AB73 /* PhotoHeaderCell.swift in Sources */,
				D8EA16A71EA615A20071AB73 /* FeedCell.swift in Sources */,
				D8A4A7921EA44EA6005B431D /* AppDelegate.swift in Sources */,
				D8EA16971EA4A4060071AB73 /* headercell.swift in Sources */,
				D8EA16A51EA6126C0071AB73 /* FeedController.swift in Sources */,
			);
			runOnlyForDeploymentPostprocessing = 0;
		};
/* End PBXSourcesBuildPhase section */

/* Begin PBXVariantGroup section */
		D8A4A7951EA44EA6005B431D /* Main.storyboard */ = {
			isa = PBXVariantGroup;
			children = (
				D8A4A7961EA44EA6005B431D /* Base */,
			);
			name = Main.storyboard;
			sourceTree = "<group>";
		};
		D8A4A79A1EA44EA6005B431D /* LaunchScreen.storyboard */ = {
			isa = PBXVariantGroup;
			children = (
				D8A4A79B1EA44EA6005B431D /* Base */,
			);
			name = LaunchScreen.storyboard;
			sourceTree = "<group>";
		};
/* End PBXVariantGroup section */

/* Begin XCBuildConfiguration section */
		D8A4A79E1EA44EA6005B431D /* Debug */ = {
			isa = XCBuildConfiguration;
			buildSettings = {
				ALWAYS_SEARCH_USER_PATHS = NO;
				CLANG_ANALYZER_NONNULL = YES;
				CLANG_CXX_LANGUAGE_STANDARD = "gnu++0x";
				CLANG_CXX_LIBRARY = "libc++";
				CLANG_ENABLE_MODULES = YES;
				CLANG_ENABLE_OBJC_ARC = YES;
				CLANG_WARN_BOOL_CONVERSION = YES;
				CLANG_WARN_CONSTANT_CONVERSION = YES;
				CLANG_WARN_DIRECT_OBJC_ISA_USAGE = YES_ERROR;
				CLANG_WARN_DOCUMENTATION_COMMENTS = YES;
				CLANG_WARN_EMPTY_BODY = YES;
				CLANG_WARN_ENUM_CONVERSION = YES;
				CLANG_WARN_INFINITE_RECURSION = YES;
				CLANG_WARN_INT_CONVERSION = YES;
				CLANG_WARN_OBJC_ROOT_CLASS = YES_ERROR;
				CLANG_WARN_SUSPICIOUS_MOVE = YES;
				CLANG_WARN_UNREACHABLE_CODE = YES;
				CLANG_WARN__DUPLICATE_METHOD_MATCH = YES;
				"CODE_SIGN_IDENTITY[sdk=iphoneos*]" = "iPhone Developer";
				COPY_PHASE_STRIP = NO;
				DEBUG_INFORMATION_FORMAT = dwarf;
				ENABLE_STRICT_OBJC_MSGSEND = YES;
				ENABLE_TESTABILITY = YES;
				GCC_C_LANGUAGE_STANDARD = gnu99;
				GCC_DYNAMIC_NO_PIC = NO;
				GCC_NO_COMMON_BLOCKS = YES;
				GCC_OPTIMIZATION_LEVEL = 0;
				GCC_PREPROCESSOR_DEFINITIONS = (
					"DEBUG=1",
					"$(inherited)",
				);
				GCC_WARN_64_TO_32_BIT_CONVERSION = YES;
				GCC_WARN_ABOUT_RETURN_TYPE = YES_ERROR;
				GCC_WARN_UNDECLARED_SELECTOR = YES;
				GCC_WARN_UNINITIALIZED_AUTOS = YES_AGGRESSIVE;
				GCC_WARN_UNUSED_FUNCTION = YES;
				GCC_WARN_UNUSED_VARIABLE = YES;
				IPHONEOS_DEPLOYMENT_TARGET = 10.2;
				MTL_ENABLE_DEBUG_INFO = YES;
				ONLY_ACTIVE_ARCH = YES;
				SDKROOT = iphoneos;
				SWIFT_ACTIVE_COMPILATION_CONDITIONS = DEBUG;
				SWIFT_OPTIMIZATION_LEVEL = "-Onone";
				TARGETED_DEVICE_FAMILY = "1,2";
			};
			name = Debug;
		};
		D8A4A79F1EA44EA6005B431D /* Release */ = {
			isa = XCBuildConfiguration;
			buildSettings = {
				ALWAYS_SEARCH_USER_PATHS = NO;
				CLANG_ANALYZER_NONNULL = YES;
				CLANG_CXX_LANGUAGE_STANDARD = "gnu++0x";
				CLANG_CXX_LIBRARY = "libc++";
				CLANG_ENABLE_MODULES = YES;
				CLANG_ENABLE_OBJC_ARC = YES;
				CLANG_WARN_BOOL_CONVERSION = YES;
				CLANG_WARN_CONSTANT_CONVERSION = YES;
				CLANG_WARN_DIRECT_OBJC_ISA_USAGE = YES_ERROR;
				CLANG_WARN_DOCUMENTATION_COMMENTS = YES;
				CLANG_WARN_EMPTY_BODY = YES;
				CLANG_WARN_ENUM_CONVERSION = YES;
				CLANG_WARN_INFINITE_RECURSION = YES;
				CLANG_WARN_INT_CONVERSION = YES;
				CLANG_WARN_OBJC_ROOT_CLASS = YES_ERROR;
				CLANG_WARN_SUSPICIOUS_MOVE = YES;
				CLANG_WARN_UNREACHABLE_CODE = YES;
				CLANG_WARN__DUPLICATE_METHOD_MATCH = YES;
				"CODE_SIGN_IDENTITY[sdk=iphoneos*]" = "iPhone Developer";
				COPY_PHASE_STRIP = NO;
				DEBUG_INFORMATION_FORMAT = "dwarf-with-dsym";
				ENABLE_NS_ASSERTIONS = NO;
				ENABLE_STRICT_OBJC_MSGSEND = YES;
				GCC_C_LANGUAGE_STANDARD = gnu99;
				GCC_NO_COMMON_BLOCKS = YES;
				GCC_WARN_64_TO_32_BIT_CONVERSION = YES;
				GCC_WARN_ABOUT_RETURN_TYPE = YES_ERROR;
				GCC_WARN_UNDECLARED_SELECTOR = YES;
				GCC_WARN_UNINITIALIZED_AUTOS = YES_AGGRESSIVE;
				GCC_WARN_UNUSED_FUNCTION = YES;
				GCC_WARN_UNUSED_VARIABLE = YES;
				IPHONEOS_DEPLOYMENT_TARGET = 10.2;
				MTL_ENABLE_DEBUG_INFO = NO;
				SDKROOT = iphoneos;
				SWIFT_OPTIMIZATION_LEVEL = "-Owholemodule";
				TARGETED_DEVICE_FAMILY = "1,2";
				VALIDATE_PRODUCT = YES;
			};
			name = Release;
		};
		D8A4A7A11EA44EA6005B431D /* Debug */ = {
			isa = XCBuildConfiguration;
			baseConfigurationReference = 1637A88E17DEC936C9AF3A9C /* Pods-Instragram20170417.debug.xcconfig */;
			buildSettings = {
				ASSETCATALOG_COMPILER_APPICON_NAME = AppIcon;
				DEVELOPMENT_TEAM = X6CYP5Y5C7;
				INFOPLIST_FILE = Instragram20170417/Info.plist;
				IPHONEOS_DEPLOYMENT_TARGET = 9.0;
				LD_RUNPATH_SEARCH_PATHS = "$(inherited) @executable_path/Frameworks";
				PRODUCT_BUNDLE_IDENTIFIER = orz.Instragram20170417;
				PRODUCT_NAME = "$(TARGET_NAME)";
				SWIFT_VERSION = 3.0;
			};
			name = Debug;
		};
		D8A4A7A21EA44EA6005B431D /* Release */ = {
			isa = XCBuildConfiguration;
			baseConfigurationReference = 29AFF8DE6C2A1183A3A1F84C /* Pods-Instragram20170417.release.xcconfig */;
			buildSettings = {
				ASSETCATALOG_COMPILER_APPICON_NAME = AppIcon;
				DEVELOPMENT_TEAM = X6CYP5Y5C7;
				INFOPLIST_FILE = Instragram20170417/Info.plist;
				IPHONEOS_DEPLOYMENT_TARGET = 9.0;
				LD_RUNPATH_SEARCH_PATHS = "$(inherited) @executable_path/Frameworks";
				PRODUCT_BUNDLE_IDENTIFIER = orz.Instragram20170417;
				PRODUCT_NAME = "$(TARGET_NAME)";
				SWIFT_VERSION = 3.0;
			};
			name = Release;
		};
/* End XCBuildConfiguration section */

/* Begin XCConfigurationList section */
		D8A4A7891EA44EA6005B431D /* Build configuration list for PBXProject "Instragram20170417" */ = {
			isa = XCConfigurationList;
			buildConfigurations = (
				D8A4A79E1EA44EA6005B431D /* Debug */,
				D8A4A79F1EA44EA6005B431D /* Release */,
			);
			defaultConfigurationIsVisible = 0;
			defaultConfigurationName = Release;
		};
		D8A4A7A01EA44EA6005B431D /* Build configuration list for PBXNativeTarget "Instragram20170417" */ = {
			isa = XCConfigurationList;
			buildConfigurations = (
				D8A4A7A11EA44EA6005B431D /* Debug */,
				D8A4A7A21EA44EA6005B431D /* Release */,
			);
			defaultConfigurationIsVisible = 0;
			defaultConfigurationName = Release;
		};
/* End XCConfigurationList section */
	};
	rootObject = D8A4A7861EA44EA6005B431D /* Project object */;
}
